// !$*UTF8*$!
{
	archiveVersion = 1;
	classes = {
	};
	objectVersion = 52;
	objects = {

/* Begin PBXBuildFile section */
		7D01564125A5304A001BDAB6 /* MusiqCoreUI.framework in Frameworks */ = {isa = PBXBuildFile; fileRef = 7D01563725A5304A001BDAB6 /* MusiqCoreUI.framework */; };
		7D01564825A5304A001BDAB6 /* MusiqCoreUI.h in Headers */ = {isa = PBXBuildFile; fileRef = 7D01563A25A5304A001BDAB6 /* MusiqCoreUI.h */; settings = {ATTRIBUTES = (Public, ); }; };
		7D01565525A53060001BDAB6 /* MusiqCore.framework in Frameworks */ = {isa = PBXBuildFile; fileRef = 7D01565425A53060001BDAB6 /* MusiqCore.framework */; };
		7D01565625A53060001BDAB6 /* MusiqCore.framework in Embed Frameworks */ = {isa = PBXBuildFile; fileRef = 7D01565425A53060001BDAB6 /* MusiqCore.framework */; settings = {ATTRIBUTES = (CodeSignOnCopy, RemoveHeadersOnCopy, ); }; };
		7D4D785325AA4643007C46DC /* Keyboard+Extensions.swift in Sources */ = {isa = PBXBuildFile; fileRef = 7D4D785225AA4643007C46DC /* Keyboard+Extensions.swift */; };
		7D5A15EA260E4B5F0064E34E /* ErrorView.swift in Sources */ = {isa = PBXBuildFile; fileRef = 7D5A15E9260E4B5F0064E34E /* ErrorView.swift */; };
		7D5A15F6260E93610064E34E /* ErrorViewBuilderTests.swift in Sources */ = {isa = PBXBuildFile; fileRef = 7D5A15F5260E93610064E34E /* ErrorViewBuilderTests.swift */; };
		7D5A15F9260F48430064E34E /* SearchNavigationViewBuilderTests.swift in Sources */ = {isa = PBXBuildFile; fileRef = 7D5A15F8260F48430064E34E /* SearchNavigationViewBuilderTests.swift */; };
		7D6FADF72621F1AB00109CB7 /* ViewInspector in Frameworks */ = {isa = PBXBuildFile; productRef = 7D6FADF62621F1AB00109CB7 /* ViewInspector */; };
		7D90A168260B2BE7002F31D1 /* SearchNavigationView.swift in Sources */ = {isa = PBXBuildFile; fileRef = 7D90A167260B2BE7002F31D1 /* SearchNavigationView.swift */; };
		7DAB17A62617CD1900BD134B /* SizeThatFitPreview.swift in Sources */ = {isa = PBXBuildFile; fileRef = 7DAB17A52617CD1900BD134B /* SizeThatFitPreview.swift */; };
		7DAB17DC261A1DAB00BD134B /* Color+Extensions.swift in Sources */ = {isa = PBXBuildFile; fileRef = 7DAB17DB261A1DAB00BD134B /* Color+Extensions.swift */; };
		7DCCAF5E261FAD5500957749 /* BadgeViewBuilderTests.swift in Sources */ = {isa = PBXBuildFile; fileRef = 7DCCAF5D261FAD5500957749 /* BadgeViewBuilderTests.swift */; };
		7DCCAF612620359400957749 /* SpinnerBuilderTests.swift in Sources */ = {isa = PBXBuildFile; fileRef = 7DCCAF602620359400957749 /* SpinnerBuilderTests.swift */; };
		7DCCAF6B2620390B00957749 /* SizeThatFitPreviewTests.swift in Sources */ = {isa = PBXBuildFile; fileRef = 7DCCAF6A2620390B00957749 /* SizeThatFitPreviewTests.swift */; };
		7DF1AC1225CDED5E003CB716 /* Spinner.swift in Sources */ = {isa = PBXBuildFile; fileRef = 7DF1AC1125CDED5E003CB716 /* Spinner.swift */; };
		7DF1AC1E25CDEDBF003CB716 /* BadgeView.swift in Sources */ = {isa = PBXBuildFile; fileRef = 7DF1AC1D25CDEDBF003CB716 /* BadgeView.swift */; };
/* End PBXBuildFile section */

/* Begin PBXContainerItemProxy section */
		7D01564225A5304A001BDAB6 /* PBXContainerItemProxy */ = {
			isa = PBXContainerItemProxy;
			containerPortal = 7D01562E25A5304A001BDAB6 /* Project object */;
			proxyType = 1;
			remoteGlobalIDString = 7D01563625A5304A001BDAB6;
			remoteInfo = MusiqCoreUI;
		};
/* End PBXContainerItemProxy section */

/* Begin PBXCopyFilesBuildPhase section */
		7D01565725A53060001BDAB6 /* Embed Frameworks */ = {
			isa = PBXCopyFilesBuildPhase;
			buildActionMask = 2147483647;
			dstPath = "";
			dstSubfolderSpec = 10;
			files = (
				7D01565625A53060001BDAB6 /* MusiqCore.framework in Embed Frameworks */,
			);
			name = "Embed Frameworks";
			runOnlyForDeploymentPostprocessing = 0;
		};
/* End PBXCopyFilesBuildPhase section */

/* Begin PBXFileReference section */
		7D01563725A5304A001BDAB6 /* MusiqCoreUI.framework */ = {isa = PBXFileReference; explicitFileType = wrapper.framework; includeInIndex = 0; path = MusiqCoreUI.framework; sourceTree = BUILT_PRODUCTS_DIR; };
		7D01563A25A5304A001BDAB6 /* MusiqCoreUI.h */ = {isa = PBXFileReference; lastKnownFileType = sourcecode.c.h; path = MusiqCoreUI.h; sourceTree = "<group>"; };
		7D01563B25A5304A001BDAB6 /* Info.plist */ = {isa = PBXFileReference; lastKnownFileType = text.plist.xml; path = Info.plist; sourceTree = "<group>"; };
		7D01564025A5304A001BDAB6 /* MusiqCoreUITests.xctest */ = {isa = PBXFileReference; explicitFileType = wrapper.cfbundle; includeInIndex = 0; path = MusiqCoreUITests.xctest; sourceTree = BUILT_PRODUCTS_DIR; };
		7D01564725A5304A001BDAB6 /* Info.plist */ = {isa = PBXFileReference; lastKnownFileType = text.plist.xml; path = Info.plist; sourceTree = "<group>"; };
		7D01565425A53060001BDAB6 /* MusiqCore.framework */ = {isa = PBXFileReference; explicitFileType = wrapper.framework; path = MusiqCore.framework; sourceTree = BUILT_PRODUCTS_DIR; };
		7D4D785225AA4643007C46DC /* Keyboard+Extensions.swift */ = {isa = PBXFileReference; lastKnownFileType = sourcecode.swift; path = "Keyboard+Extensions.swift"; sourceTree = "<group>"; };
		7D5A15E9260E4B5F0064E34E /* ErrorView.swift */ = {isa = PBXFileReference; lastKnownFileType = sourcecode.swift; path = ErrorView.swift; sourceTree = "<group>"; };
		7D5A15F5260E93610064E34E /* ErrorViewBuilderTests.swift */ = {isa = PBXFileReference; lastKnownFileType = sourcecode.swift; path = ErrorViewBuilderTests.swift; sourceTree = "<group>"; };
		7D5A15F8260F48430064E34E /* SearchNavigationViewBuilderTests.swift */ = {isa = PBXFileReference; lastKnownFileType = sourcecode.swift; path = SearchNavigationViewBuilderTests.swift; sourceTree = "<group>"; };
		7D90A167260B2BE7002F31D1 /* SearchNavigationView.swift */ = {isa = PBXFileReference; lastKnownFileType = sourcecode.swift; path = SearchNavigationView.swift; sourceTree = "<group>"; };
		7DAB17A52617CD1900BD134B /* SizeThatFitPreview.swift */ = {isa = PBXFileReference; lastKnownFileType = sourcecode.swift; path = SizeThatFitPreview.swift; sourceTree = "<group>"; };
		7DAB17DB261A1DAB00BD134B /* Color+Extensions.swift */ = {isa = PBXFileReference; lastKnownFileType = sourcecode.swift; path = "Color+Extensions.swift"; sourceTree = "<group>"; };
		7DCCAF5D261FAD5500957749 /* BadgeViewBuilderTests.swift */ = {isa = PBXFileReference; lastKnownFileType = sourcecode.swift; path = BadgeViewBuilderTests.swift; sourceTree = "<group>"; };
		7DCCAF602620359400957749 /* SpinnerBuilderTests.swift */ = {isa = PBXFileReference; lastKnownFileType = sourcecode.swift; path = SpinnerBuilderTests.swift; sourceTree = "<group>"; };
		7DCCAF6A2620390B00957749 /* SizeThatFitPreviewTests.swift */ = {isa = PBXFileReference; lastKnownFileType = sourcecode.swift; path = SizeThatFitPreviewTests.swift; sourceTree = "<group>"; };
		7DF1AC1125CDED5E003CB716 /* Spinner.swift */ = {isa = PBXFileReference; lastKnownFileType = sourcecode.swift; path = Spinner.swift; sourceTree = "<group>"; };
		7DF1AC1D25CDEDBF003CB716 /* BadgeView.swift */ = {isa = PBXFileReference; lastKnownFileType = sourcecode.swift; path = BadgeView.swift; sourceTree = "<group>"; };
/* End PBXFileReference section */

/* Begin PBXFrameworksBuildPhase section */
		7D01563425A5304A001BDAB6 /* Frameworks */ = {
			isa = PBXFrameworksBuildPhase;
			buildActionMask = 2147483647;
			files = (
				7D01565525A53060001BDAB6 /* MusiqCore.framework in Frameworks */,
			);
			runOnlyForDeploymentPostprocessing = 0;
		};
		7D01563D25A5304A001BDAB6 /* Frameworks */ = {
			isa = PBXFrameworksBuildPhase;
			buildActionMask = 2147483647;
			files = (
				7D01564125A5304A001BDAB6 /* MusiqCoreUI.framework in Frameworks */,
				7D6FADF72621F1AB00109CB7 /* ViewInspector in Frameworks */,
			);
			runOnlyForDeploymentPostprocessing = 0;
		};
/* End PBXFrameworksBuildPhase section */

/* Begin PBXGroup section */
		7D01562D25A5304A001BDAB6 = {
			isa = PBXGroup;
			children = (
				7D01563925A5304A001BDAB6 /* MusiqCoreUI */,
				7D01564425A5304A001BDAB6 /* MusiqCoreUITests */,
				7D01563825A5304A001BDAB6 /* Products */,
				7D01565325A53060001BDAB6 /* Frameworks */,
			);
			sourceTree = "<group>";
		};
		7D01563825A5304A001BDAB6 /* Products */ = {
			isa = PBXGroup;
			children = (
				7D01563725A5304A001BDAB6 /* MusiqCoreUI.framework */,
				7D01564025A5304A001BDAB6 /* MusiqCoreUITests.xctest */,
			);
			name = Products;
			sourceTree = "<group>";
		};
		7D01563925A5304A001BDAB6 /* MusiqCoreUI */ = {
			isa = PBXGroup;
			children = (
				7D01563A25A5304A001BDAB6 /* MusiqCoreUI.h */,
				7D01563B25A5304A001BDAB6 /* Info.plist */,
				7DF1AC1425CDED79003CB716 /* Controls */,
				7D01566125A53095001BDAB6 /* Views */,
				7DCCAF712620395F00957749 /* View Modifiers */,
				7D4D785525AA4647007C46DC /* Helpers */,
			);
			path = MusiqCoreUI;
			sourceTree = "<group>";
		};
		7D01564425A5304A001BDAB6 /* MusiqCoreUITests */ = {
			isa = PBXGroup;
			children = (
				7D01564725A5304A001BDAB6 /* Info.plist */,
				7DCCAF652620370000957749 /* Controls */,
				7DCCAF682620370800957749 /* Views */,
				7DCCAF6D2620393400957749 /* View Modifiers */,
			);
			path = MusiqCoreUITests;
			sourceTree = "<group>";
		};
		7D01565325A53060001BDAB6 /* Frameworks */ = {
			isa = PBXGroup;
			children = (
				7D01565425A53060001BDAB6 /* MusiqCore.framework */,
			);
			name = Frameworks;
			sourceTree = "<group>";
		};
		7D01566125A53095001BDAB6 /* Views */ = {
			isa = PBXGroup;
			children = (
				7D90A167260B2BE7002F31D1 /* SearchNavigationView.swift */,
				7DF1AC1D25CDEDBF003CB716 /* BadgeView.swift */,
				7D5A15E9260E4B5F0064E34E /* ErrorView.swift */,
			);
			path = Views;
			sourceTree = "<group>";
		};
		7D4D785525AA4647007C46DC /* Helpers */ = {
			isa = PBXGroup;
			children = (
				7D4D785225AA4643007C46DC /* Keyboard+Extensions.swift */,
				7DAB17DB261A1DAB00BD134B /* Color+Extensions.swift */,
			);
			path = Helpers;
			sourceTree = "<group>";
		};
		7DCCAF652620370000957749 /* Controls */ = {
			isa = PBXGroup;
			children = (
				7DCCAF602620359400957749 /* SpinnerBuilderTests.swift */,
			);
			path = Controls;
			sourceTree = "<group>";
		};
		7DCCAF682620370800957749 /* Views */ = {
			isa = PBXGroup;
			children = (
				7D5A15F5260E93610064E34E /* ErrorViewBuilderTests.swift */,
				7DCCAF5D261FAD5500957749 /* BadgeViewBuilderTests.swift */,
				7D5A15F8260F48430064E34E /* SearchNavigationViewBuilderTests.swift */,
			);
			path = Views;
			sourceTree = "<group>";
		};
		7DCCAF6D2620393400957749 /* View Modifiers */ = {
			isa = PBXGroup;
			children = (
				7DCCAF6A2620390B00957749 /* SizeThatFitPreviewTests.swift */,
			);
			path = "View Modifiers";
			sourceTree = "<group>";
		};
		7DCCAF712620395F00957749 /* View Modifiers */ = {
			isa = PBXGroup;
			children = (
				7DAB17A52617CD1900BD134B /* SizeThatFitPreview.swift */,
			);
			path = "View Modifiers";
			sourceTree = "<group>";
		};
		7DF1AC1425CDED79003CB716 /* Controls */ = {
			isa = PBXGroup;
			children = (
				7DF1AC1125CDED5E003CB716 /* Spinner.swift */,
			);
			path = Controls;
			sourceTree = "<group>";
		};
/* End PBXGroup section */

/* Begin PBXHeadersBuildPhase section */
		7D01563225A5304A001BDAB6 /* Headers */ = {
			isa = PBXHeadersBuildPhase;
			buildActionMask = 2147483647;
			files = (
				7D01564825A5304A001BDAB6 /* MusiqCoreUI.h in Headers */,
			);
			runOnlyForDeploymentPostprocessing = 0;
		};
/* End PBXHeadersBuildPhase section */

/* Begin PBXNativeTarget section */
		7D01563625A5304A001BDAB6 /* MusiqCoreUI */ = {
			isa = PBXNativeTarget;
			buildConfigurationList = 7D01564B25A5304A001BDAB6 /* Build configuration list for PBXNativeTarget "MusiqCoreUI" */;
			buildPhases = (
				7D01563225A5304A001BDAB6 /* Headers */,
				7D01563325A5304A001BDAB6 /* Sources */,
				7D01563425A5304A001BDAB6 /* Frameworks */,
				7D01563525A5304A001BDAB6 /* Resources */,
				7D01565725A53060001BDAB6 /* Embed Frameworks */,
			);
			buildRules = (
			);
			dependencies = (
			);
			name = MusiqCoreUI;
			productName = MusiqCoreUI;
			productReference = 7D01563725A5304A001BDAB6 /* MusiqCoreUI.framework */;
			productType = "com.apple.product-type.framework";
		};
		7D01563F25A5304A001BDAB6 /* MusiqCoreUITests */ = {
			isa = PBXNativeTarget;
			buildConfigurationList = 7D01564E25A5304A001BDAB6 /* Build configuration list for PBXNativeTarget "MusiqCoreUITests" */;
			buildPhases = (
				7D01563C25A5304A001BDAB6 /* Sources */,
				7D01563D25A5304A001BDAB6 /* Frameworks */,
				7D01563E25A5304A001BDAB6 /* Resources */,
			);
			buildRules = (
			);
			dependencies = (
				7D01564325A5304A001BDAB6 /* PBXTargetDependency */,
			);
			name = MusiqCoreUITests;
			packageProductDependencies = (
				7D6FADF62621F1AB00109CB7 /* ViewInspector */,
			);
			productName = MusiqCoreUITests;
			productReference = 7D01564025A5304A001BDAB6 /* MusiqCoreUITests.xctest */;
			productType = "com.apple.product-type.bundle.unit-test";
		};
/* End PBXNativeTarget section */

/* Begin PBXProject section */
		7D01562E25A5304A001BDAB6 /* Project object */ = {
			isa = PBXProject;
			attributes = {
				LastSwiftUpdateCheck = 1230;
				LastUpgradeCheck = 1230;
				TargetAttributes = {
					7D01563625A5304A001BDAB6 = {
						CreatedOnToolsVersion = 12.3;
						LastSwiftMigration = 1230;
					};
					7D01563F25A5304A001BDAB6 = {
						CreatedOnToolsVersion = 12.3;
					};
				};
			};
			buildConfigurationList = 7D01563125A5304A001BDAB6 /* Build configuration list for PBXProject "MusiqCoreUI" */;
			compatibilityVersion = "Xcode 9.3";
			developmentRegion = en;
			hasScannedForEncodings = 0;
			knownRegions = (
				en,
				Base,
			);
			mainGroup = 7D01562D25A5304A001BDAB6;
			packageReferences = (
				7D6FADF52621F1AB00109CB7 /* XCRemoteSwiftPackageReference "ViewInspector" */,
			);
			productRefGroup = 7D01563825A5304A001BDAB6 /* Products */;
			projectDirPath = "";
			projectRoot = "";
			targets = (
				7D01563625A5304A001BDAB6 /* MusiqCoreUI */,
				7D01563F25A5304A001BDAB6 /* MusiqCoreUITests */,
			);
		};
/* End PBXProject section */

/* Begin PBXResourcesBuildPhase section */
		7D01563525A5304A001BDAB6 /* Resources */ = {
			isa = PBXResourcesBuildPhase;
			buildActionMask = 2147483647;
			files = (
			);
			runOnlyForDeploymentPostprocessing = 0;
		};
		7D01563E25A5304A001BDAB6 /* Resources */ = {
			isa = PBXResourcesBuildPhase;
			buildActionMask = 2147483647;
			files = (
			);
			runOnlyForDeploymentPostprocessing = 0;
		};
/* End PBXResourcesBuildPhase section */

/* Begin PBXSourcesBuildPhase section */
		7D01563325A5304A001BDAB6 /* Sources */ = {
			isa = PBXSourcesBuildPhase;
			buildActionMask = 2147483647;
			files = (
				7D5A15EA260E4B5F0064E34E /* ErrorView.swift in Sources */,
				7D4D785325AA4643007C46DC /* Keyboard+Extensions.swift in Sources */,
				7DAB17DC261A1DAB00BD134B /* Color+Extensions.swift in Sources */,
				7DF1AC1E25CDEDBF003CB716 /* BadgeView.swift in Sources */,
				7D90A168260B2BE7002F31D1 /* SearchNavigationView.swift in Sources */,
				7DF1AC1225CDED5E003CB716 /* Spinner.swift in Sources */,
				7DAB17A62617CD1900BD134B /* SizeThatFitPreview.swift in Sources */,
			);
			runOnlyForDeploymentPostprocessing = 0;
		};
		7D01563C25A5304A001BDAB6 /* Sources */ = {
			isa = PBXSourcesBuildPhase;
			buildActionMask = 2147483647;
			files = (
				7D5A15F9260F48430064E34E /* SearchNavigationViewBuilderTests.swift in Sources */,
				7DCCAF612620359400957749 /* SpinnerBuilderTests.swift in Sources */,
				7D5A15F6260E93610064E34E /* ErrorViewBuilderTests.swift in Sources */,
				7DCCAF5E261FAD5500957749 /* BadgeViewBuilderTests.swift in Sources */,
				7DCCAF6B2620390B00957749 /* SizeThatFitPreviewTests.swift in Sources */,
			);
			runOnlyForDeploymentPostprocessing = 0;
		};
/* End PBXSourcesBuildPhase section */

/* Begin PBXTargetDependency section */
		7D01564325A5304A001BDAB6 /* PBXTargetDependency */ = {
			isa = PBXTargetDependency;
			target = 7D01563625A5304A001BDAB6 /* MusiqCoreUI */;
			targetProxy = 7D01564225A5304A001BDAB6 /* PBXContainerItemProxy */;
		};
/* End PBXTargetDependency section */

/* Begin XCBuildConfiguration section */
		7D01564925A5304A001BDAB6 /* Debug */ = {
			isa = XCBuildConfiguration;
			buildSettings = {
				ALWAYS_SEARCH_USER_PATHS = NO;
				CLANG_ANALYZER_NONNULL = YES;
				CLANG_ANALYZER_NUMBER_OBJECT_CONVERSION = YES_AGGRESSIVE;
				CLANG_CXX_LANGUAGE_STANDARD = "gnu++14";
				CLANG_CXX_LIBRARY = "libc++";
				CLANG_ENABLE_MODULES = YES;
				CLANG_ENABLE_OBJC_ARC = YES;
				CLANG_ENABLE_OBJC_WEAK = YES;
				CLANG_WARN_BLOCK_CAPTURE_AUTORELEASING = YES;
				CLANG_WARN_BOOL_CONVERSION = YES;
				CLANG_WARN_COMMA = YES;
				CLANG_WARN_CONSTANT_CONVERSION = YES;
				CLANG_WARN_DEPRECATED_OBJC_IMPLEMENTATIONS = YES;
				CLANG_WARN_DIRECT_OBJC_ISA_USAGE = YES_ERROR;
				CLANG_WARN_DOCUMENTATION_COMMENTS = YES;
				CLANG_WARN_EMPTY_BODY = YES;
				CLANG_WARN_ENUM_CONVERSION = YES;
				CLANG_WARN_INFINITE_RECURSION = YES;
				CLANG_WARN_INT_CONVERSION = YES;
				CLANG_WARN_NON_LITERAL_NULL_CONVERSION = YES;
				CLANG_WARN_OBJC_IMPLICIT_RETAIN_SELF = YES;
				CLANG_WARN_OBJC_LITERAL_CONVERSION = YES;
				CLANG_WARN_OBJC_ROOT_CLASS = YES_ERROR;
				CLANG_WARN_QUOTED_INCLUDE_IN_FRAMEWORK_HEADER = YES;
				CLANG_WARN_RANGE_LOOP_ANALYSIS = YES;
				CLANG_WARN_STRICT_PROTOTYPES = YES;
				CLANG_WARN_SUSPICIOUS_MOVE = YES;
				CLANG_WARN_UNGUARDED_AVAILABILITY = YES_AGGRESSIVE;
				CLANG_WARN_UNREACHABLE_CODE = YES;
				CLANG_WARN__DUPLICATE_METHOD_MATCH = YES;
				COPY_PHASE_STRIP = NO;
				CURRENT_PROJECT_VERSION = 1;
				DEBUG_INFORMATION_FORMAT = dwarf;
				ENABLE_STRICT_OBJC_MSGSEND = YES;
				ENABLE_TESTABILITY = YES;
				GCC_C_LANGUAGE_STANDARD = gnu11;
				GCC_DYNAMIC_NO_PIC = NO;
				GCC_NO_COMMON_BLOCKS = YES;
				GCC_OPTIMIZATION_LEVEL = 0;
				GCC_PREPROCESSOR_DEFINITIONS = (
					"DEBUG=1",
					"$(inherited)",
				);
				GCC_WARN_64_TO_32_BIT_CONVERSION = YES;
				GCC_WARN_ABOUT_RETURN_TYPE = YES_ERROR;
				GCC_WARN_UNDECLARED_SELECTOR = YES;
				GCC_WARN_UNINITIALIZED_AUTOS = YES_AGGRESSIVE;
				GCC_WARN_UNUSED_FUNCTION = YES;
				GCC_WARN_UNUSED_VARIABLE = YES;
				IPHONEOS_DEPLOYMENT_TARGET = 14.0;
				MTL_ENABLE_DEBUG_INFO = INCLUDE_SOURCE;
				MTL_FAST_MATH = YES;
				ONLY_ACTIVE_ARCH = YES;
				SDKROOT = iphoneos;
				SWIFT_ACTIVE_COMPILATION_CONDITIONS = DEBUG;
				SWIFT_OPTIMIZATION_LEVEL = "-Onone";
				VERSIONING_SYSTEM = "apple-generic";
				VERSION_INFO_PREFIX = "";
			};
			name = Debug;
		};
		7D01564A25A5304A001BDAB6 /* Release */ = {
			isa = XCBuildConfiguration;
			buildSettings = {
				ALWAYS_SEARCH_USER_PATHS = NO;
				CLANG_ANALYZER_NONNULL = YES;
				CLANG_ANALYZER_NUMBER_OBJECT_CONVERSION = YES_AGGRESSIVE;
				CLANG_CXX_LANGUAGE_STANDARD = "gnu++14";
				CLANG_CXX_LIBRARY = "libc++";
				CLANG_ENABLE_MODULES = YES;
				CLANG_ENABLE_OBJC_ARC = YES;
				CLANG_ENABLE_OBJC_WEAK = YES;
				CLANG_WARN_BLOCK_CAPTURE_AUTORELEASING = YES;
				CLANG_WARN_BOOL_CONVERSION = YES;
				CLANG_WARN_COMMA = YES;
				CLANG_WARN_CONSTANT_CONVERSION = YES;
				CLANG_WARN_DEPRECATED_OBJC_IMPLEMENTATIONS = YES;
				CLANG_WARN_DIRECT_OBJC_ISA_USAGE = YES_ERROR;
				CLANG_WARN_DOCUMENTATION_COMMENTS = YES;
				CLANG_WARN_EMPTY_BODY = YES;
				CLANG_WARN_ENUM_CONVERSION = YES;
				CLANG_WARN_INFINITE_RECURSION = YES;
				CLANG_WARN_INT_CONVERSION = YES;
				CLANG_WARN_NON_LITERAL_NULL_CONVERSION = YES;
				CLANG_WARN_OBJC_IMPLICIT_RETAIN_SELF = YES;
				CLANG_WARN_OBJC_LITERAL_CONVERSION = YES;
				CLANG_WARN_OBJC_ROOT_CLASS = YES_ERROR;
				CLANG_WARN_QUOTED_INCLUDE_IN_FRAMEWORK_HEADER = YES;
				CLANG_WARN_RANGE_LOOP_ANALYSIS = YES;
				CLANG_WARN_STRICT_PROTOTYPES = YES;
				CLANG_WARN_SUSPICIOUS_MOVE = YES;
				CLANG_WARN_UNGUARDED_AVAILABILITY = YES_AGGRESSIVE;
				CLANG_WARN_UNREACHABLE_CODE = YES;
				CLANG_WARN__DUPLICATE_METHOD_MATCH = YES;
				COPY_PHASE_STRIP = NO;
				CURRENT_PROJECT_VERSION = 1;
				DEBUG_INFORMATION_FORMAT = "dwarf-with-dsym";
				ENABLE_NS_ASSERTIONS = NO;
				ENABLE_STRICT_OBJC_MSGSEND = YES;
				GCC_C_LANGUAGE_STANDARD = gnu11;
				GCC_NO_COMMON_BLOCKS = YES;
				GCC_WARN_64_TO_32_BIT_CONVERSION = YES;
				GCC_WARN_ABOUT_RETURN_TYPE = YES_ERROR;
				GCC_WARN_UNDECLARED_SELECTOR = YES;
				GCC_WARN_UNINITIALIZED_AUTOS = YES_AGGRESSIVE;
				GCC_WARN_UNUSED_FUNCTION = YES;
				GCC_WARN_UNUSED_VARIABLE = YES;
				IPHONEOS_DEPLOYMENT_TARGET = 14.0;
				MTL_ENABLE_DEBUG_INFO = NO;
				MTL_FAST_MATH = YES;
				SDKROOT = iphoneos;
				SWIFT_COMPILATION_MODE = wholemodule;
				SWIFT_OPTIMIZATION_LEVEL = "-O";
				VALIDATE_PRODUCT = YES;
				VERSIONING_SYSTEM = "apple-generic";
				VERSION_INFO_PREFIX = "";
			};
			name = Release;
		};
		7D01564C25A5304A001BDAB6 /* Debug */ = {
			isa = XCBuildConfiguration;
			buildSettings = {
				CLANG_ENABLE_MODULES = YES;
				CODE_SIGN_STYLE = Automatic;
				DEFINES_MODULE = YES;
				DEVELOPMENT_TEAM = SZCLCNB53G;
				DYLIB_COMPATIBILITY_VERSION = 1;
				DYLIB_CURRENT_VERSION = 1;
				DYLIB_INSTALL_NAME_BASE = "@rpath";
				INFOPLIST_FILE = MusiqCoreUI/Info.plist;
				INSTALL_PATH = "$(LOCAL_LIBRARY_DIR)/Frameworks";
				LD_RUNPATH_SEARCH_PATHS = (
					"$(inherited)",
					"@executable_path/Frameworks",
					"@loader_path/Frameworks",
				);
				PRODUCT_BUNDLE_IDENTIFIER = com.olsamaja.MusiqCoreUI;
				PRODUCT_NAME = "$(TARGET_NAME:c99extidentifier)";
				SKIP_INSTALL = YES;
				SWIFT_OPTIMIZATION_LEVEL = "-Onone";
				SWIFT_VERSION = 5.0;
				TARGETED_DEVICE_FAMILY = "1,2";
			};
			name = Debug;
		};
		7D01564D25A5304A001BDAB6 /* Release */ = {
			isa = XCBuildConfiguration;
			buildSettings = {
				CLANG_ENABLE_MODULES = YES;
				CODE_SIGN_STYLE = Automatic;
				DEFINES_MODULE = YES;
				DEVELOPMENT_TEAM = SZCLCNB53G;
				DYLIB_COMPATIBILITY_VERSION = 1;
				DYLIB_CURRENT_VERSION = 1;
				DYLIB_INSTALL_NAME_BASE = "@rpath";
				INFOPLIST_FILE = MusiqCoreUI/Info.plist;
				INSTALL_PATH = "$(LOCAL_LIBRARY_DIR)/Frameworks";
				LD_RUNPATH_SEARCH_PATHS = (
					"$(inherited)",
					"@executable_path/Frameworks",
					"@loader_path/Frameworks",
				);
				PRODUCT_BUNDLE_IDENTIFIER = com.olsamaja.MusiqCoreUI;
				PRODUCT_NAME = "$(TARGET_NAME:c99extidentifier)";
				SKIP_INSTALL = YES;
				SWIFT_VERSION = 5.0;
				TARGETED_DEVICE_FAMILY = "1,2";
			};
			name = Release;
		};
		7D01564F25A5304A001BDAB6 /* Debug */ = {
			isa = XCBuildConfiguration;
			buildSettings = {
				ALWAYS_EMBED_SWIFT_STANDARD_LIBRARIES = YES;
				CODE_SIGN_STYLE = Automatic;
				DEVELOPMENT_TEAM = SZCLCNB53G;
				INFOPLIST_FILE = MusiqCoreUITests/Info.plist;
				LD_RUNPATH_SEARCH_PATHS = (
					"$(inherited)",
					"@executable_path/Frameworks",
					"@loader_path/Frameworks",
				);
				PRODUCT_BUNDLE_IDENTIFIER = com.olsamaja.MusiqCoreUITests;
				PRODUCT_NAME = "$(TARGET_NAME)";
				SWIFT_VERSION = 5.0;
				TARGETED_DEVICE_FAMILY = "1,2";
			};
			name = Debug;
		};
		7D01565025A5304A001BDAB6 /* Release */ = {
			isa = XCBuildConfiguration;
			buildSettings = {
				ALWAYS_EMBED_SWIFT_STANDARD_LIBRARIES = YES;
				CODE_SIGN_STYLE = Automatic;
				DEVELOPMENT_TEAM = SZCLCNB53G;
				INFOPLIST_FILE = MusiqCoreUITests/Info.plist;
				LD_RUNPATH_SEARCH_PATHS = (
					"$(inherited)",
					"@executable_path/Frameworks",
					"@loader_path/Frameworks",
				);
				PRODUCT_BUNDLE_IDENTIFIER = com.olsamaja.MusiqCoreUITests;
				PRODUCT_NAME = "$(TARGET_NAME)";
				SWIFT_VERSION = 5.0;
				TARGETED_DEVICE_FAMILY = "1,2";
			};
			name = Release;
		};
/* End XCBuildConfiguration section */

/* Begin XCConfigurationList section */
		7D01563125A5304A001BDAB6 /* Build configuration list for PBXProject "MusiqCoreUI" */ = {
			isa = XCConfigurationList;
			buildConfigurations = (
				7D01564925A5304A001BDAB6 /* Debug */,
				7D01564A25A5304A001BDAB6 /* Release */,
			);
			defaultConfigurationIsVisible = 0;
			defaultConfigurationName = Release;
		};
		7D01564B25A5304A001BDAB6 /* Build configuration list for PBXNativeTarget "MusiqCoreUI" */ = {
			isa = XCConfigurationList;
			buildConfigurations = (
				7D01564C25A5304A001BDAB6 /* Debug */,
				7D01564D25A5304A001BDAB6 /* Release */,
			);
			defaultConfigurationIsVisible = 0;
			defaultConfigurationName = Release;
		};
		7D01564E25A5304A001BDAB6 /* Build configuration list for PBXNativeTarget "MusiqCoreUITests" */ = {
			isa = XCConfigurationList;
			buildConfigurations = (
				7D01564F25A5304A001BDAB6 /* Debug */,
				7D01565025A5304A001BDAB6 /* Release */,
			);
			defaultConfigurationIsVisible = 0;
			defaultConfigurationName = Release;
		};
/* End XCConfigurationList section */

/* Begin XCRemoteSwiftPackageReference section */
		7D6FADF52621F1AB00109CB7 /* XCRemoteSwiftPackageReference "ViewInspector" */ = {
			isa = XCRemoteSwiftPackageReference;
			repositoryURL = "https://github.com/nalexn/ViewInspector";
			requirement = {
				kind = upToNextMajorVersion;
				minimumVersion = 0.7.2;
			};
		};
/* End XCRemoteSwiftPackageReference section */

/* Begin XCSwiftPackageProductDependency section */
		7D6FADF62621F1AB00109CB7 /* ViewInspector */ = {
			isa = XCSwiftPackageProductDependency;
			package = 7D6FADF52621F1AB00109CB7 /* XCRemoteSwiftPackageReference "ViewInspector" */;
			productName = ViewInspector;
		};
/* End XCSwiftPackageProductDependency section */
	};
	rootObject = 7D01562E25A5304A001BDAB6 /* Project object */;
}
