// !$*UTF8*$!
{
	archiveVersion = 1;
	classes = {
	};
	objectVersion = 50;
	objects = {

/* Begin PBXBuildFile section */
		7D1661AA25B3907F003B7AA1 /* MusiqConfiguration.framework in Frameworks */ = {isa = PBXBuildFile; fileRef = 7D1661A925B3907F003B7AA1 /* MusiqConfiguration.framework */; };
		7D1661AB25B3907F003B7AA1 /* MusiqConfiguration.framework in Embed Frameworks */ = {isa = PBXBuildFile; fileRef = 7D1661A925B3907F003B7AA1 /* MusiqConfiguration.framework */; settings = {ATTRIBUTES = (CodeSignOnCopy, RemoveHeadersOnCopy, ); }; };
		7D1661B225B4B193003B7AA1 /* RepositoryProtocol.swift in Sources */ = {isa = PBXBuildFile; fileRef = 7D1661B125B4B193003B7AA1 /* RepositoryProtocol.swift */; };
		7D1661CA25B4FE04003B7AA1 /* CachedDataProtocol.swift in Sources */ = {isa = PBXBuildFile; fileRef = 7D1661C925B4FE04003B7AA1 /* CachedDataProtocol.swift */; };
		7D3E523C261459AC00BC649C /* String+Parse.swift in Sources */ = {isa = PBXBuildFile; fileRef = 7D3E523B261459AC00BC649C /* String+Parse.swift */; };
		7D5E7F34259A8FDE0058DDDA /* MockURLProtocol.swift in Sources */ = {isa = PBXBuildFile; fileRef = 7D5E7F33259A8FDE0058DDDA /* MockURLProtocol.swift */; };
		7D5E7F37259A90200058DDDA /* MockURLSession.swift in Sources */ = {isa = PBXBuildFile; fileRef = 7D5E7F36259A90200058DDDA /* MockURLSession.swift */; };
		7D83403E259171650093B94C /* MusiqNetwork.framework in Frameworks */ = {isa = PBXBuildFile; fileRef = 7D834034259171650093B94C /* MusiqNetwork.framework */; };
		7D834045259171650093B94C /* MusiqNetwork.h in Headers */ = {isa = PBXBuildFile; fileRef = 7D834037259171650093B94C /* MusiqNetwork.h */; settings = {ATTRIBUTES = (Public, ); }; };
		7D834055259171980093B94C /* MusiqCore.framework in Frameworks */ = {isa = PBXBuildFile; fileRef = 7D834054259171980093B94C /* MusiqCore.framework */; };
		7D834056259171980093B94C /* MusiqCore.framework in Embed Frameworks */ = {isa = PBXBuildFile; fileRef = 7D834054259171980093B94C /* MusiqCore.framework */; settings = {ATTRIBUTES = (CodeSignOnCopy, RemoveHeadersOnCopy, ); }; };
		7D83405C2591730F0093B94C /* Data+Decode.swift in Sources */ = {isa = PBXBuildFile; fileRef = 7D83405B2591730F0093B94C /* Data+Decode.swift */; };
		7D834061259173670093B94C /* URLSession+Extensions.swift in Sources */ = {isa = PBXBuildFile; fileRef = 7D834060259173670093B94C /* URLSession+Extensions.swift */; };
		7D8340642591749E0093B94C /* DataError.swift in Sources */ = {isa = PBXBuildFile; fileRef = 7D8340632591749E0093B94C /* DataError.swift */; };
		7DAB17B52617E1B700BD134B /* URLComponentsBuilder.swift in Sources */ = {isa = PBXBuildFile; fileRef = 7DAB17B42617E1B700BD134B /* URLComponentsBuilder.swift */; };
		7DDE3A4925929369005750CC /* DataRequester.swift in Sources */ = {isa = PBXBuildFile; fileRef = 7DDE3A4825929369005750CC /* DataRequester.swift */; };
/* End PBXBuildFile section */

/* Begin PBXContainerItemProxy section */
		7D83403F259171650093B94C /* PBXContainerItemProxy */ = {
			isa = PBXContainerItemProxy;
			containerPortal = 7D83402B259171650093B94C /* Project object */;
			proxyType = 1;
			remoteGlobalIDString = 7D834033259171650093B94C;
			remoteInfo = MusiqShared;
		};
/* End PBXContainerItemProxy section */

/* Begin PBXCopyFilesBuildPhase section */
		7D834057259171980093B94C /* Embed Frameworks */ = {
			isa = PBXCopyFilesBuildPhase;
			buildActionMask = 2147483647;
			dstPath = "";
			dstSubfolderSpec = 10;
			files = (
				7D834056259171980093B94C /* MusiqCore.framework in Embed Frameworks */,
				7D1661AB25B3907F003B7AA1 /* MusiqConfiguration.framework in Embed Frameworks */,
			);
			name = "Embed Frameworks";
			runOnlyForDeploymentPostprocessing = 0;
		};
/* End PBXCopyFilesBuildPhase section */

/* Begin PBXFileReference section */
		7D1661A925B3907F003B7AA1 /* MusiqConfiguration.framework */ = {isa = PBXFileReference; explicitFileType = wrapper.framework; path = MusiqConfiguration.framework; sourceTree = BUILT_PRODUCTS_DIR; };
		7D1661B125B4B193003B7AA1 /* RepositoryProtocol.swift */ = {isa = PBXFileReference; lastKnownFileType = sourcecode.swift; path = RepositoryProtocol.swift; sourceTree = "<group>"; };
		7D1661C925B4FE04003B7AA1 /* CachedDataProtocol.swift */ = {isa = PBXFileReference; lastKnownFileType = sourcecode.swift; path = CachedDataProtocol.swift; sourceTree = "<group>"; };
		7D3E523B261459AC00BC649C /* String+Parse.swift */ = {isa = PBXFileReference; lastKnownFileType = sourcecode.swift; path = "String+Parse.swift"; sourceTree = "<group>"; };
		7D5E7F33259A8FDE0058DDDA /* MockURLProtocol.swift */ = {isa = PBXFileReference; lastKnownFileType = sourcecode.swift; path = MockURLProtocol.swift; sourceTree = "<group>"; };
		7D5E7F36259A90200058DDDA /* MockURLSession.swift */ = {isa = PBXFileReference; lastKnownFileType = sourcecode.swift; path = MockURLSession.swift; sourceTree = "<group>"; };
		7D834034259171650093B94C /* MusiqNetwork.framework */ = {isa = PBXFileReference; explicitFileType = wrapper.framework; includeInIndex = 0; path = MusiqNetwork.framework; sourceTree = BUILT_PRODUCTS_DIR; };
		7D834037259171650093B94C /* MusiqNetwork.h */ = {isa = PBXFileReference; lastKnownFileType = sourcecode.c.h; path = MusiqNetwork.h; sourceTree = "<group>"; };
		7D834038259171650093B94C /* Info.plist */ = {isa = PBXFileReference; lastKnownFileType = text.plist.xml; path = Info.plist; sourceTree = "<group>"; };
		7D83403D259171650093B94C /* MusiqNetworkTests.xctest */ = {isa = PBXFileReference; explicitFileType = wrapper.cfbundle; includeInIndex = 0; path = MusiqNetworkTests.xctest; sourceTree = BUILT_PRODUCTS_DIR; };
		7D834044259171650093B94C /* Info.plist */ = {isa = PBXFileReference; lastKnownFileType = text.plist.xml; path = Info.plist; sourceTree = "<group>"; };
		7D834054259171980093B94C /* MusiqCore.framework */ = {isa = PBXFileReference; explicitFileType = wrapper.framework; path = MusiqCore.framework; sourceTree = BUILT_PRODUCTS_DIR; };
		7D83405B2591730F0093B94C /* Data+Decode.swift */ = {isa = PBXFileReference; lastKnownFileType = sourcecode.swift; path = "Data+Decode.swift"; sourceTree = "<group>"; };
		7D834060259173670093B94C /* URLSession+Extensions.swift */ = {isa = PBXFileReference; lastKnownFileType = sourcecode.swift; path = "URLSession+Extensions.swift"; sourceTree = "<group>"; };
		7D8340632591749E0093B94C /* DataError.swift */ = {isa = PBXFileReference; lastKnownFileType = sourcecode.swift; path = DataError.swift; sourceTree = "<group>"; };
		7DAB17B42617E1B700BD134B /* URLComponentsBuilder.swift */ = {isa = PBXFileReference; lastKnownFileType = sourcecode.swift; path = URLComponentsBuilder.swift; sourceTree = "<group>"; };
		7DDE3A4825929369005750CC /* DataRequester.swift */ = {isa = PBXFileReference; lastKnownFileType = sourcecode.swift; path = DataRequester.swift; sourceTree = "<group>"; };
/* End PBXFileReference section */

/* Begin PBXFrameworksBuildPhase section */
		7D834031259171650093B94C /* Frameworks */ = {
			isa = PBXFrameworksBuildPhase;
			buildActionMask = 2147483647;
			files = (
				7D834055259171980093B94C /* MusiqCore.framework in Frameworks */,
				7D1661AA25B3907F003B7AA1 /* MusiqConfiguration.framework in Frameworks */,
			);
			runOnlyForDeploymentPostprocessing = 0;
		};
		7D83403A259171650093B94C /* Frameworks */ = {
			isa = PBXFrameworksBuildPhase;
			buildActionMask = 2147483647;
			files = (
				7D83403E259171650093B94C /* MusiqNetwork.framework in Frameworks */,
			);
			runOnlyForDeploymentPostprocessing = 0;
		};
/* End PBXFrameworksBuildPhase section */

/* Begin PBXGroup section */
		7D1661C725B4FDEF003B7AA1 /* Protocols */ = {
			isa = PBXGroup;
			children = (
				7D1661B125B4B193003B7AA1 /* RepositoryProtocol.swift */,
				7D1661C925B4FE04003B7AA1 /* CachedDataProtocol.swift */,
			);
			path = Protocols;
			sourceTree = "<group>";
		};
		7D83402A259171650093B94C = {
			isa = PBXGroup;
			children = (
				7D834036259171650093B94C /* MusiqNetwork */,
				7D834041259171650093B94C /* MusiqNetworkTests */,
				7D834035259171650093B94C /* Products */,
				7D834053259171980093B94C /* Frameworks */,
			);
			sourceTree = "<group>";
		};
		7D834035259171650093B94C /* Products */ = {
			isa = PBXGroup;
			children = (
				7D834034259171650093B94C /* MusiqNetwork.framework */,
				7D83403D259171650093B94C /* MusiqNetworkTests.xctest */,
			);
			name = Products;
			sourceTree = "<group>";
		};
		7D834036259171650093B94C /* MusiqNetwork */ = {
			isa = PBXGroup;
			children = (
				7D834037259171650093B94C /* MusiqNetwork.h */,
				7D834038259171650093B94C /* Info.plist */,
				7D1661C725B4FDEF003B7AA1 /* Protocols */,
				7D83405E2591731A0093B94C /* Network */,
			);
			path = MusiqNetwork;
			sourceTree = "<group>";
		};
		7D834041259171650093B94C /* MusiqNetworkTests */ = {
			isa = PBXGroup;
			children = (
				7D834044259171650093B94C /* Info.plist */,
			);
			path = MusiqNetworkTests;
			sourceTree = "<group>";
		};
		7D834053259171980093B94C /* Frameworks */ = {
			isa = PBXGroup;
			children = (
				7D1661A925B3907F003B7AA1 /* MusiqConfiguration.framework */,
				7D834054259171980093B94C /* MusiqCore.framework */,
			);
			name = Frameworks;
			sourceTree = "<group>";
		};
		7D83405E2591731A0093B94C /* Network */ = {
			isa = PBXGroup;
			children = (
				7D834066259174AE0093B94C /* API */,
				7D8340682591E0FC0093B94C /* Helpers */,
			);
			path = Network;
			sourceTree = "<group>";
		};
		7D834066259174AE0093B94C /* API */ = {
			isa = PBXGroup;
			children = (
				7DDE3A4825929369005750CC /* DataRequester.swift */,
				7DAB17B42617E1B700BD134B /* URLComponentsBuilder.swift */,
				7D8340632591749E0093B94C /* DataError.swift */,
			);
			path = API;
			sourceTree = "<group>";
		};
		7D8340682591E0FC0093B94C /* Helpers */ = {
			isa = PBXGroup;
			children = (
				7D83405B2591730F0093B94C /* Data+Decode.swift */,
				7D3E523B261459AC00BC649C /* String+Parse.swift */,
				7D834060259173670093B94C /* URLSession+Extensions.swift */,
				7D5E7F33259A8FDE0058DDDA /* MockURLProtocol.swift */,
				7D5E7F36259A90200058DDDA /* MockURLSession.swift */,
			);
			path = Helpers;
			sourceTree = "<group>";
		};
/* End PBXGroup section */

/* Begin PBXHeadersBuildPhase section */
		7D83402F259171650093B94C /* Headers */ = {
			isa = PBXHeadersBuildPhase;
			buildActionMask = 2147483647;
			files = (
				7D834045259171650093B94C /* MusiqNetwork.h in Headers */,
			);
			runOnlyForDeploymentPostprocessing = 0;
		};
/* End PBXHeadersBuildPhase section */

/* Begin PBXNativeTarget section */
		7D834033259171650093B94C /* MusiqNetwork */ = {
			isa = PBXNativeTarget;
			buildConfigurationList = 7D834048259171650093B94C /* Build configuration list for PBXNativeTarget "MusiqNetwork" */;
			buildPhases = (
				7D83402F259171650093B94C /* Headers */,
				7D834030259171650093B94C /* Sources */,
				7D834031259171650093B94C /* Frameworks */,
				7D834032259171650093B94C /* Resources */,
				7D834057259171980093B94C /* Embed Frameworks */,
			);
			buildRules = (
			);
			dependencies = (
			);
			name = MusiqNetwork;
			productName = MusiqShared;
			productReference = 7D834034259171650093B94C /* MusiqNetwork.framework */;
			productType = "com.apple.product-type.framework";
		};
		7D83403C259171650093B94C /* MusiqNetworkTests */ = {
			isa = PBXNativeTarget;
			buildConfigurationList = 7D83404B259171650093B94C /* Build configuration list for PBXNativeTarget "MusiqNetworkTests" */;
			buildPhases = (
				7D834039259171650093B94C /* Sources */,
				7D83403A259171650093B94C /* Frameworks */,
				7D83403B259171650093B94C /* Resources */,
			);
			buildRules = (
			);
			dependencies = (
				7D834040259171650093B94C /* PBXTargetDependency */,
			);
			name = MusiqNetworkTests;
			productName = MusiqSharedTests;
			productReference = 7D83403D259171650093B94C /* MusiqNetworkTests.xctest */;
			productType = "com.apple.product-type.bundle.unit-test";
		};
/* End PBXNativeTarget section */

/* Begin PBXProject section */
		7D83402B259171650093B94C /* Project object */ = {
			isa = PBXProject;
			attributes = {
				LastSwiftUpdateCheck = 1230;
				LastUpgradeCheck = 1230;
				TargetAttributes = {
					7D834033259171650093B94C = {
						CreatedOnToolsVersion = 12.3;
						LastSwiftMigration = 1230;
					};
					7D83403C259171650093B94C = {
						CreatedOnToolsVersion = 12.3;
					};
				};
			};
			buildConfigurationList = 7D83402E259171650093B94C /* Build configuration list for PBXProject "MusiqNetwork" */;
			compatibilityVersion = "Xcode 9.3";
			developmentRegion = en;
			hasScannedForEncodings = 0;
			knownRegions = (
				en,
				Base,
			);
			mainGroup = 7D83402A259171650093B94C;
			productRefGroup = 7D834035259171650093B94C /* Products */;
			projectDirPath = "";
			projectRoot = "";
			targets = (
				7D834033259171650093B94C /* MusiqNetwork */,
				7D83403C259171650093B94C /* MusiqNetworkTests */,
			);
		};
/* End PBXProject section */

/* Begin PBXResourcesBuildPhase section */
		7D834032259171650093B94C /* Resources */ = {
			isa = PBXResourcesBuildPhase;
			buildActionMask = 2147483647;
			files = (
			);
			runOnlyForDeploymentPostprocessing = 0;
		};
		7D83403B259171650093B94C /* Resources */ = {
			isa = PBXResourcesBuildPhase;
			buildActionMask = 2147483647;
			files = (
			);
			runOnlyForDeploymentPostprocessing = 0;
		};
/* End PBXResourcesBuildPhase section */

/* Begin PBXSourcesBuildPhase section */
		7D834030259171650093B94C /* Sources */ = {
			isa = PBXSourcesBuildPhase;
			buildActionMask = 2147483647;
			files = (
				7D834061259173670093B94C /* URLSession+Extensions.swift in Sources */,
				7DAB17B52617E1B700BD134B /* URLComponentsBuilder.swift in Sources */,
				7D83405C2591730F0093B94C /* Data+Decode.swift in Sources */,
				7D1661B225B4B193003B7AA1 /* RepositoryProtocol.swift in Sources */,
				7D5E7F37259A90200058DDDA /* MockURLSession.swift in Sources */,
				7D8340642591749E0093B94C /* DataError.swift in Sources */,
				7D3E523C261459AC00BC649C /* String+Parse.swift in Sources */,
				7DDE3A4925929369005750CC /* DataRequester.swift in Sources */,
				7D5E7F34259A8FDE0058DDDA /* MockURLProtocol.swift in Sources */,
				7D1661CA25B4FE04003B7AA1 /* CachedDataProtocol.swift in Sources */,
			);
			runOnlyForDeploymentPostprocessing = 0;
		};
		7D834039259171650093B94C /* Sources */ = {
			isa = PBXSourcesBuildPhase;
			buildActionMask = 2147483647;
			files = (
			);
			runOnlyForDeploymentPostprocessing = 0;
		};
/* End PBXSourcesBuildPhase section */

/* Begin PBXTargetDependency section */
		7D834040259171650093B94C /* PBXTargetDependency */ = {
			isa = PBXTargetDependency;
			target = 7D834033259171650093B94C /* MusiqNetwork */;
			targetProxy = 7D83403F259171650093B94C /* PBXContainerItemProxy */;
		};
/* End PBXTargetDependency section */

/* Begin XCBuildConfiguration section */
		7D834046259171650093B94C /* Debug */ = {
			isa = XCBuildConfiguration;
			buildSettings = {
				ALWAYS_SEARCH_USER_PATHS = NO;
				CLANG_ANALYZER_NONNULL = YES;
				CLANG_ANALYZER_NUMBER_OBJECT_CONVERSION = YES_AGGRESSIVE;
				CLANG_CXX_LANGUAGE_STANDARD = "gnu++14";
				CLANG_CXX_LIBRARY = "libc++";
				CLANG_ENABLE_MODULES = YES;
				CLANG_ENABLE_OBJC_ARC = YES;
				CLANG_ENABLE_OBJC_WEAK = YES;
				CLANG_WARN_BLOCK_CAPTURE_AUTORELEASING = YES;
				CLANG_WARN_BOOL_CONVERSION = YES;
				CLANG_WARN_COMMA = YES;
				CLANG_WARN_CONSTANT_CONVERSION = YES;
				CLANG_WARN_DEPRECATED_OBJC_IMPLEMENTATIONS = YES;
				CLANG_WARN_DIRECT_OBJC_ISA_USAGE = YES_ERROR;
				CLANG_WARN_DOCUMENTATION_COMMENTS = YES;
				CLANG_WARN_EMPTY_BODY = YES;
				CLANG_WARN_ENUM_CONVERSION = YES;
				CLANG_WARN_INFINITE_RECURSION = YES;
				CLANG_WARN_INT_CONVERSION = YES;
				CLANG_WARN_NON_LITERAL_NULL_CONVERSION = YES;
				CLANG_WARN_OBJC_IMPLICIT_RETAIN_SELF = YES;
				CLANG_WARN_OBJC_LITERAL_CONVERSION = YES;
				CLANG_WARN_OBJC_ROOT_CLASS = YES_ERROR;
				CLANG_WARN_QUOTED_INCLUDE_IN_FRAMEWORK_HEADER = YES;
				CLANG_WARN_RANGE_LOOP_ANALYSIS = YES;
				CLANG_WARN_STRICT_PROTOTYPES = YES;
				CLANG_WARN_SUSPICIOUS_MOVE = YES;
				CLANG_WARN_UNGUARDED_AVAILABILITY = YES_AGGRESSIVE;
				CLANG_WARN_UNREACHABLE_CODE = YES;
				CLANG_WARN__DUPLICATE_METHOD_MATCH = YES;
				COPY_PHASE_STRIP = NO;
				CURRENT_PROJECT_VERSION = 1;
				DEBUG_INFORMATION_FORMAT = dwarf;
				ENABLE_STRICT_OBJC_MSGSEND = YES;
				ENABLE_TESTABILITY = YES;
				GCC_C_LANGUAGE_STANDARD = gnu11;
				GCC_DYNAMIC_NO_PIC = NO;
				GCC_NO_COMMON_BLOCKS = YES;
				GCC_OPTIMIZATION_LEVEL = 0;
				GCC_PREPROCESSOR_DEFINITIONS = (
					"DEBUG=1",
					"$(inherited)",
				);
				GCC_WARN_64_TO_32_BIT_CONVERSION = YES;
				GCC_WARN_ABOUT_RETURN_TYPE = YES_ERROR;
				GCC_WARN_UNDECLARED_SELECTOR = YES;
				GCC_WARN_UNINITIALIZED_AUTOS = YES_AGGRESSIVE;
				GCC_WARN_UNUSED_FUNCTION = YES;
				GCC_WARN_UNUSED_VARIABLE = YES;
				IPHONEOS_DEPLOYMENT_TARGET = 14.0;
				MTL_ENABLE_DEBUG_INFO = INCLUDE_SOURCE;
				MTL_FAST_MATH = YES;
				ONLY_ACTIVE_ARCH = YES;
				SDKROOT = iphoneos;
				SWIFT_ACTIVE_COMPILATION_CONDITIONS = DEBUG;
				SWIFT_OPTIMIZATION_LEVEL = "-Onone";
				VERSIONING_SYSTEM = "apple-generic";
				VERSION_INFO_PREFIX = "";
			};
			name = Debug;
		};
		7D834047259171650093B94C /* Release */ = {
			isa = XCBuildConfiguration;
			buildSettings = {
				ALWAYS_SEARCH_USER_PATHS = NO;
				CLANG_ANALYZER_NONNULL = YES;
				CLANG_ANALYZER_NUMBER_OBJECT_CONVERSION = YES_AGGRESSIVE;
				CLANG_CXX_LANGUAGE_STANDARD = "gnu++14";
				CLANG_CXX_LIBRARY = "libc++";
				CLANG_ENABLE_MODULES = YES;
				CLANG_ENABLE_OBJC_ARC = YES;
				CLANG_ENABLE_OBJC_WEAK = YES;
				CLANG_WARN_BLOCK_CAPTURE_AUTORELEASING = YES;
				CLANG_WARN_BOOL_CONVERSION = YES;
				CLANG_WARN_COMMA = YES;
				CLANG_WARN_CONSTANT_CONVERSION = YES;
				CLANG_WARN_DEPRECATED_OBJC_IMPLEMENTATIONS = YES;
				CLANG_WARN_DIRECT_OBJC_ISA_USAGE = YES_ERROR;
				CLANG_WARN_DOCUMENTATION_COMMENTS = YES;
				CLANG_WARN_EMPTY_BODY = YES;
				CLANG_WARN_ENUM_CONVERSION = YES;
				CLANG_WARN_INFINITE_RECURSION = YES;
				CLANG_WARN_INT_CONVERSION = YES;
				CLANG_WARN_NON_LITERAL_NULL_CONVERSION = YES;
				CLANG_WARN_OBJC_IMPLICIT_RETAIN_SELF = YES;
				CLANG_WARN_OBJC_LITERAL_CONVERSION = YES;
				CLANG_WARN_OBJC_ROOT_CLASS = YES_ERROR;
				CLANG_WARN_QUOTED_INCLUDE_IN_FRAMEWORK_HEADER = YES;
				CLANG_WARN_RANGE_LOOP_ANALYSIS = YES;
				CLANG_WARN_STRICT_PROTOTYPES = YES;
				CLANG_WARN_SUSPICIOUS_MOVE = YES;
				CLANG_WARN_UNGUARDED_AVAILABILITY = YES_AGGRESSIVE;
				CLANG_WARN_UNREACHABLE_CODE = YES;
				CLANG_WARN__DUPLICATE_METHOD_MATCH = YES;
				COPY_PHASE_STRIP = NO;
				CURRENT_PROJECT_VERSION = 1;
				DEBUG_INFORMATION_FORMAT = "dwarf-with-dsym";
				ENABLE_NS_ASSERTIONS = NO;
				ENABLE_STRICT_OBJC_MSGSEND = YES;
				GCC_C_LANGUAGE_STANDARD = gnu11;
				GCC_NO_COMMON_BLOCKS = YES;
				GCC_WARN_64_TO_32_BIT_CONVERSION = YES;
				GCC_WARN_ABOUT_RETURN_TYPE = YES_ERROR;
				GCC_WARN_UNDECLARED_SELECTOR = YES;
				GCC_WARN_UNINITIALIZED_AUTOS = YES_AGGRESSIVE;
				GCC_WARN_UNUSED_FUNCTION = YES;
				GCC_WARN_UNUSED_VARIABLE = YES;
				IPHONEOS_DEPLOYMENT_TARGET = 14.0;
				MTL_ENABLE_DEBUG_INFO = NO;
				MTL_FAST_MATH = YES;
				SDKROOT = iphoneos;
				SWIFT_COMPILATION_MODE = wholemodule;
				SWIFT_OPTIMIZATION_LEVEL = "-O";
				VALIDATE_PRODUCT = YES;
				VERSIONING_SYSTEM = "apple-generic";
				VERSION_INFO_PREFIX = "";
			};
			name = Release;
		};
		7D834049259171650093B94C /* Debug */ = {
			isa = XCBuildConfiguration;
			buildSettings = {
				CLANG_ENABLE_MODULES = YES;
				CODE_SIGN_STYLE = Automatic;
				DEFINES_MODULE = YES;
				DEVELOPMENT_TEAM = SZCLCNB53G;
				DYLIB_COMPATIBILITY_VERSION = 1;
				DYLIB_CURRENT_VERSION = 1;
				DYLIB_INSTALL_NAME_BASE = "@rpath";
				INFOPLIST_FILE = MusiqNetwork/Info.plist;
				INSTALL_PATH = "$(LOCAL_LIBRARY_DIR)/Frameworks";
				LD_RUNPATH_SEARCH_PATHS = (
					"$(inherited)",
					"@executable_path/Frameworks",
					"@loader_path/Frameworks",
				);
				PRODUCT_BUNDLE_IDENTIFIER = com.olsamaja.MusiqNetwork;
				PRODUCT_NAME = "$(TARGET_NAME:c99extidentifier)";
				SKIP_INSTALL = YES;
				SWIFT_OPTIMIZATION_LEVEL = "-Onone";
				SWIFT_VERSION = 5.0;
				TARGETED_DEVICE_FAMILY = "1,2";
			};
			name = Debug;
		};
		7D83404A259171650093B94C /* Release */ = {
			isa = XCBuildConfiguration;
			buildSettings = {
				CLANG_ENABLE_MODULES = YES;
				CODE_SIGN_STYLE = Automatic;
				DEFINES_MODULE = YES;
				DEVELOPMENT_TEAM = SZCLCNB53G;
				DYLIB_COMPATIBILITY_VERSION = 1;
				DYLIB_CURRENT_VERSION = 1;
				DYLIB_INSTALL_NAME_BASE = "@rpath";
				INFOPLIST_FILE = MusiqNetwork/Info.plist;
				INSTALL_PATH = "$(LOCAL_LIBRARY_DIR)/Frameworks";
				LD_RUNPATH_SEARCH_PATHS = (
					"$(inherited)",
					"@executable_path/Frameworks",
					"@loader_path/Frameworks",
				);
				PRODUCT_BUNDLE_IDENTIFIER = com.olsamaja.MusiqNetwork;
				PRODUCT_NAME = "$(TARGET_NAME:c99extidentifier)";
				SKIP_INSTALL = YES;
				SWIFT_VERSION = 5.0;
				TARGETED_DEVICE_FAMILY = "1,2";
			};
			name = Release;
		};
		7D83404C259171650093B94C /* Debug */ = {
			isa = XCBuildConfiguration;
			buildSettings = {
				ALWAYS_EMBED_SWIFT_STANDARD_LIBRARIES = YES;
				CODE_SIGN_STYLE = Automatic;
				DEVELOPMENT_TEAM = SZCLCNB53G;
				INFOPLIST_FILE = MusiqNetworkTests/Info.plist;
				LD_RUNPATH_SEARCH_PATHS = (
					"$(inherited)",
					"@executable_path/Frameworks",
					"@loader_path/Frameworks",
				);
				PRODUCT_BUNDLE_IDENTIFIER = com.olsamaja.MusiqNetworkTests;
				PRODUCT_NAME = "$(TARGET_NAME)";
				SWIFT_VERSION = 5.0;
				TARGETED_DEVICE_FAMILY = "1,2";
			};
			name = Debug;
		};
		7D83404D259171650093B94C /* Release */ = {
			isa = XCBuildConfiguration;
			buildSettings = {
				ALWAYS_EMBED_SWIFT_STANDARD_LIBRARIES = YES;
				CODE_SIGN_STYLE = Automatic;
				DEVELOPMENT_TEAM = SZCLCNB53G;
				INFOPLIST_FILE = MusiqNetworkTests/Info.plist;
				LD_RUNPATH_SEARCH_PATHS = (
					"$(inherited)",
					"@executable_path/Frameworks",
					"@loader_path/Frameworks",
				);
				PRODUCT_BUNDLE_IDENTIFIER = com.olsamaja.MusiqNetworkTests;
				PRODUCT_NAME = "$(TARGET_NAME)";
				SWIFT_VERSION = 5.0;
				TARGETED_DEVICE_FAMILY = "1,2";
			};
			name = Release;
		};
/* End XCBuildConfiguration section */

/* Begin XCConfigurationList section */
		7D83402E259171650093B94C /* Build configuration list for PBXProject "MusiqNetwork" */ = {
			isa = XCConfigurationList;
			buildConfigurations = (
				7D834046259171650093B94C /* Debug */,
				7D834047259171650093B94C /* Release */,
			);
			defaultConfigurationIsVisible = 0;
			defaultConfigurationName = Release;
		};
		7D834048259171650093B94C /* Build configuration list for PBXNativeTarget "MusiqNetwork" */ = {
			isa = XCConfigurationList;
			buildConfigurations = (
				7D834049259171650093B94C /* Debug */,
				7D83404A259171650093B94C /* Release */,
			);
			defaultConfigurationIsVisible = 0;
			defaultConfigurationName = Release;
		};
		7D83404B259171650093B94C /* Build configuration list for PBXNativeTarget "MusiqNetworkTests" */ = {
			isa = XCConfigurationList;
			buildConfigurations = (
				7D83404C259171650093B94C /* Debug */,
				7D83404D259171650093B94C /* Release */,
			);
			defaultConfigurationIsVisible = 0;
			defaultConfigurationName = Release;
		};
/* End XCConfigurationList section */
	};
	rootObject = 7D83402B259171650093B94C /* Project object */;
}
